PODS:
  - Alamofire (4.5.0)
  - GoogleMaps (2.3.1):
    - GoogleMaps/Maps (= 2.3.1)
  - GoogleMaps/Base (2.3.1)
  - GoogleMaps/Maps (2.3.1):
    - GoogleMaps/Base
  - GooglePlacePicker (2.3.1):
    - GoogleMaps (= 2.3.1)
    - GooglePlaces (= 2.3.1)
  - GooglePlaces (2.3.1):
    - GoogleMaps/Base (= 2.3.1)
  - SVProgressHUD (2.1.2)

DEPENDENCIES:
  - Alamofire
  - GoogleMaps
  - GooglePlacePicker
  - GooglePlaces
  - SVProgressHUD

SPEC CHECKSUMS:
  Alamofire: f28cdffd29de33a7bfa022cbd63ae95a27fae140
  GoogleMaps: c66a71058b9b1294bcdd5463a68e357fa50c079f
  GooglePlacePicker: fc3564ac7a2ce314e78e42bfc1e16822ad1e5488
  GooglePlaces: 4a7b22debfa1af65017b82943431822607e45201
  SVProgressHUD: c404a55d78acbeb7ebb78b76d3faf986475a6994

PODFILE CHECKSUM: 8807e44e69bb0d0b6cd2bb674955912755f0610f

COCOAPODS: 1.1.1
